
Microsoft Visual Studio Solution File, Format Version 12.00
# Visual Studio Version 17
VisualStudioVersion = 17.5.33424.131
MinimumVisualStudioVersion = 10.0.40219.1
Project("{FAE04EC0-301F-11D3-BF4B-00C04F79EFBC}") = "Vitrola_Desktop_Music_Ultimate", "Vitrola_Desktop_Music_Ultimate.csproj", "{206ECADA-554D-43AF-81F0-52D932AAE318}"
EndProject
Global
	GlobalSection(SolutionConfigurationPlatforms) = preSolution
		Debug|Any CPU = Debug|Any CPU
		Release|Any CPU = Release|Any CPU
	EndGlobalSection
	GlobalSection(ProjectConfigurationPlatforms) = postSolution
		{206ECADA-554D-43AF-81F0-52D932AAE318}.Debug|Any CPU.ActiveCfg = Debug|Any CPU
		{206ECADA-554D-43AF-81F0-52D932AAE318}.Debug|Any CPU.Build.0 = Debug|Any CPU
		{206ECADA-554D-43AF-81F0-52D932AAE318}.Release|Any CPU.ActiveCfg = Release|Any CPU
		{206ECADA-554D-43AF-81F0-52D932AAE318}.Release|Any CPU.Build.0 = Release|Any CPU
	EndGlobalSection
	GlobalSection(SolutionProperties) = preSolution
		HideSolutionNode = FALSE
	EndGlobalSection
	GlobalSection(ExtensibilityGlobals) = postSolution
		SolutionGuid = {5F0D17C8-0CD4-48EF-8694-CCD7B4032B66}
	EndGlobalSection
EndGlobal
